PODS:
  - audio_service (0.0.1):
    - Flutter
    - FlutterMacOS
  - audio_session (0.0.1):
    - Flutter
  - connectivity_plus (0.0.1):
    - Flutter
    - ReachabilitySwift
  - Flutter (1.0.0)
  - just_audio (0.0.1):
    - Flutter
    - FlutterMacOS
  - path_provider_foundation (0.0.1):
    - Flutter
    - FlutterMacOS
  - ReachabilitySwift (5.2.4)
  - shared_preferences_foundation (0.0.1):
    - Flutter
    - FlutterMacOS
  - sqflite_darwin (0.0.4):
    - Flutter
    - FlutterMacOS
  - Stripe (23.27.6):
    - StripeApplePay (= 23.27.6)
    - StripeCore (= 23.27.6)
    - StripePayments (= 23.27.6)
    - StripePaymentsUI (= 23.27.6)
    - StripeUICore (= 23.27.6)
  - stripe_ios (0.0.1):
    - Flutter
    - Stripe (~> 23.27.0)
    - StripeApplePay (~> 23.27.0)
    - StripeFinancialConnections (~> 23.27.0)
    - StripePayments (~> 23.27.0)
    - StripePaymentSheet (~> 23.27.0)
    - StripePaymentsUI (~> 23.27.0)
  - StripeApplePay (23.27.6):
    - StripeCore (= 23.27.6)
  - StripeCore (23.27.6)
  - StripeFinancialConnections (23.27.6):
    - StripeCore (= 23.27.6)
    - StripeUICore (= 23.27.6)
  - StripePayments (23.27.6):
    - StripeCore (= 23.27.6)
    - StripePayments/Stripe3DS2 (= 23.27.6)
  - StripePayments/Stripe3DS2 (23.27.6):
    - StripeCore (= 23.27.6)
  - StripePaymentSheet (23.27.6):
    - StripeApplePay (= 23.27.6)
    - StripeCore (= 23.27.6)
    - StripePayments (= 23.27.6)
    - StripePaymentsUI (= 23.27.6)
  - StripePaymentsUI (23.27.6):
    - StripeCore (= 23.27.6)
    - StripePayments (= 23.27.6)
    - StripeUICore (= 23.27.6)
  - StripeUICore (23.27.6):
    - StripeCore (= 23.27.6)
  - url_launcher_ios (0.0.1):
    - Flutter
  - webview_flutter_wkwebview (0.0.1):
    - Flutter
    - FlutterMacOS

DEPENDENCIES:
  - audio_service (from `.symlinks/plugins/audio_service/darwin`)
  - audio_session (from `.symlinks/plugins/audio_session/ios`)
  - connectivity_plus (from `.symlinks/plugins/connectivity_plus/ios`)
  - Flutter (from `Flutter`)
  - just_audio (from `.symlinks/plugins/just_audio/darwin`)
  - path_provider_foundation (from `.symlinks/plugins/path_provider_foundation/darwin`)
  - shared_preferences_foundation (from `.symlinks/plugins/shared_preferences_foundation/darwin`)
  - sqflite_darwin (from `.symlinks/plugins/sqflite_darwin/darwin`)
  - stripe_ios (from `.symlinks/plugins/stripe_ios/ios`)
  - url_launcher_ios (from `.symlinks/plugins/url_launcher_ios/ios`)
  - webview_flutter_wkwebview (from `.symlinks/plugins/webview_flutter_wkwebview/darwin`)

SPEC REPOS:
  trunk:
    - ReachabilitySwift
    - Stripe
    - StripeApplePay
    - StripeCore
    - StripeFinancialConnections
    - StripePayments
    - StripePaymentSheet
    - StripePaymentsUI
    - StripeUICore

EXTERNAL SOURCES:
  audio_service:
    :path: ".symlinks/plugins/audio_service/darwin"
  audio_session:
    :path: ".symlinks/plugins/audio_session/ios"
  connectivity_plus:
    :path: ".symlinks/plugins/connectivity_plus/ios"
  Flutter:
    :path: Flutter
  just_audio:
    :path: ".symlinks/plugins/just_audio/darwin"
  path_provider_foundation:
    :path: ".symlinks/plugins/path_provider_foundation/darwin"
  shared_preferences_foundation:
    :path: ".symlinks/plugins/shared_preferences_foundation/darwin"
  sqflite_darwin:
    :path: ".symlinks/plugins/sqflite_darwin/darwin"
  stripe_ios:
    :path: ".symlinks/plugins/stripe_ios/ios"
  url_launcher_ios:
    :path: ".symlinks/plugins/url_launcher_ios/ios"
  webview_flutter_wkwebview:
    :path: ".symlinks/plugins/webview_flutter_wkwebview/darwin"

SPEC CHECKSUMS:
  audio_service: aa99a6ba2ae7565996015322b0bb024e1d25c6fd
  audio_session: 9bb7f6c970f21241b19f5a3658097ae459681ba0
  connectivity_plus: 481668c94744c30c53b8895afb39159d1e619bdf
  Flutter: e0871f40cf51350855a761d2e70bf5af5b9b5de7
  just_audio: 4e391f57b79cad2b0674030a00453ca5ce817eed
  path_provider_foundation: 080d55be775b7414fd5a5ef3ac137b97b097e564
  ReachabilitySwift: 32793e867593cfc1177f5d16491e3a197d2fccda
  shared_preferences_foundation: 9e1978ff2562383bd5676f64ec4e9aa8fa06a6f7
  sqflite_darwin: 20b2a3a3b70e43edae938624ce550a3cbf66a3d0
  Stripe: 9fec845645e39f371e6898926d096fd9c2feb5a5
  stripe_ios: 5accba1ff472f89300e1676c351166f29dc93ced
  StripeApplePay: 5f017e8dfe259fafbab70137776189deef754bb2
  StripeCore: 01ec57f0dddfe742054dc6a322f811426c25313d
  StripeFinancialConnections: 56698cb6274bf89fb8c76b934f6156f368e97765
  StripePayments: 6adf11faf1b7038e77aa97019410305c6adca79d
  StripePaymentSheet: 3eaf870c4388e44b0cc37e4c69d00b6957fd8bd7
  StripePaymentsUI: 59ccddeacad592b09fa67e8d641340820ddb4751
  StripeUICore: 879bbf5889265db13f52fac8aad7a176ba62481f
  url_launcher_ios: 694010445543906933d732453a59da0a173ae33d
  webview_flutter_wkwebview: 1821ceac936eba6f7984d89a9f3bcb4dea99ebb2

PODFILE CHECKSUM: 251cb053df7158f337c0712f2ab29f4e0fa474ce

COCOAPODS: 1.16.2
